
Microsoft Visual Studio Solution File, Format Version 12.00
# Visual Studio Version 16
VisualStudioVersion = 16.0.29409.12
MinimumVisualStudioVersion = 10.0.40219.1
Project("{FAE04EC0-301F-11D3-BF4B-00C04F79EFBC}") = "EmpPortal", "EmpPortal\EmpPortal.csproj", "{D4EB934F-6FAC-46FA-8E03-B0A29C2B0BE3}"
EndProject
Global
	GlobalSection(SolutionConfigurationPlatforms) = preSolution
		Debug|Any CPU = Debug|Any CPU
		Release|Any CPU = Release|Any CPU
	EndGlobalSection
	GlobalSection(ProjectConfigurationPlatforms) = postSolution
		{D4EB934F-6FAC-46FA-8E03-B0A29C2B0BE3}.Debug|Any CPU.ActiveCfg = Debug|Any CPU
		{D4EB934F-6FAC-46FA-8E03-B0A29C2B0BE3}.Debug|Any CPU.Build.0 = Debug|Any CPU
		{D4EB934F-6FAC-46FA-8E03-B0A29C2B0BE3}.Release|Any CPU.ActiveCfg = Release|Any CPU
		{D4EB934F-6FAC-46FA-8E03-B0A29C2B0BE3}.Release|Any CPU.Build.0 = Release|Any CPU
	EndGlobalSection
	GlobalSection(SolutionProperties) = preSolution
		HideSolutionNode = FALSE
	EndGlobalSection
	GlobalSection(ExtensibilityGlobals) = postSolution
		SolutionGuid = {7CAC26BE-1E7D-44B5-B724-3327730C7CA9}
	EndGlobalSection
EndGlobal
